
Microsoft Visual Studio Solution File, Format Version 12.00
# Visual Studio Version 17
VisualStudioVersion = 17.0.31903.59
MinimumVisualStudioVersion = 10.0.40219.1
Project("{FAE04EC0-301F-11D3-BF4B-00C04F79EFBC}") = "SvgHelper.Generator", "SvgHelper.Generator.csproj", "{220E02A5-F708-4F0A-B48A-CA8FB3ED6C2B}"
EndProject
Global
	GlobalSection(SolutionConfigurationPlatforms) = preSolution
		Debug|Any CPU = Debug|Any CPU
		Release|Any CPU = Release|Any CPU
	EndGlobalSection
	GlobalSection(ProjectConfigurationPlatforms) = postSolution
		{220E02A5-F708-4F0A-B48A-CA8FB3ED6C2B}.Debug|Any CPU.ActiveCfg = Debug|Any CPU
		{220E02A5-F708-4F0A-B48A-CA8FB3ED6C2B}.Debug|Any CPU.Build.0 = Debug|Any CPU
		{220E02A5-F708-4F0A-B48A-CA8FB3ED6C2B}.Release|Any CPU.ActiveCfg = Release|Any CPU
		{220E02A5-F708-4F0A-B48A-CA8FB3ED6C2B}.Release|Any CPU.Build.0 = Release|Any CPU
	EndGlobalSection
	GlobalSection(SolutionProperties) = preSolution
		HideSolutionNode = FALSE
	EndGlobalSection
	GlobalSection(ExtensibilityGlobals) = postSolution
		SolutionGuid = {5F4FA9C2-06E0-4637-B5EA-DA4957F76811}
	EndGlobalSection
EndGlobal
